
Microsoft Visual Studio Solution File, Format Version 12.00
# Visual Studio 15
Project("{FAE04EC0-301F-11D3-BF4B-00C04F79EFBC}") = "Assembly-CSharp", "Assembly-CSharp.csproj", "{727B4BD0-21ED-E0C7-70B4-C1EBF77A8B5F}"
EndProject
Project("{FAE04EC0-301F-11D3-BF4B-00C04F79EFBC}") = "Assembly-CSharp-Editor", "Assembly-CSharp-Editor.csproj", "{CBC032AD-B89E-C88E-3B19-5A380E5113A7}"
EndProject
Global
	GlobalSection(SolutionConfigurationPlatforms) = preSolution
		Debug|Any CPU = Debug|Any CPU
		Release|Any CPU = Release|Any CPU
	EndGlobalSection
	GlobalSection(ProjectConfigurationPlatforms) = postSolution
		{727B4BD0-21ED-E0C7-70B4-C1EBF77A8B5F}.Debug|Any CPU.ActiveCfg = Debug|Any CPU
		{727B4BD0-21ED-E0C7-70B4-C1EBF77A8B5F}.Debug|Any CPU.Build.0 = Debug|Any CPU
		{727B4BD0-21ED-E0C7-70B4-C1EBF77A8B5F}.Release|Any CPU.ActiveCfg = Release|Any CPU
		{727B4BD0-21ED-E0C7-70B4-C1EBF77A8B5F}.Release|Any CPU.Build.0 = Release|Any CPU
		{CBC032AD-B89E-C88E-3B19-5A380E5113A7}.Debug|Any CPU.ActiveCfg = Debug|Any CPU
		{CBC032AD-B89E-C88E-3B19-5A380E5113A7}.Debug|Any CPU.Build.0 = Debug|Any CPU
		{CBC032AD-B89E-C88E-3B19-5A380E5113A7}.Release|Any CPU.ActiveCfg = Release|Any CPU
		{CBC032AD-B89E-C88E-3B19-5A380E5113A7}.Release|Any CPU.Build.0 = Release|Any CPU
	EndGlobalSection
	GlobalSection(SolutionProperties) = preSolution
		HideSolutionNode = FALSE
	EndGlobalSection
EndGlobal
